
Microsoft Visual Studio Solution File, Format Version 12.00
# Visual Studio Version 17
VisualStudioVersion = 17.9.34622.214
MinimumVisualStudioVersion = 10.0.40219.1
Project("{FAE04EC0-301F-11D3-BF4B-00C04F79EFBC}") = "EmployeeSystem", "EmployeeSystem.csproj", "{134DC558-964A-4472-A42B-AC069CFB6664}"
EndProject
Global
	GlobalSection(SolutionConfigurationPlatforms) = preSolution
		Debug|Any CPU = Debug|Any CPU
		Release|Any CPU = Release|Any CPU
	EndGlobalSection
	GlobalSection(ProjectConfigurationPlatforms) = postSolution
		{134DC558-964A-4472-A42B-AC069CFB6664}.Debug|Any CPU.ActiveCfg = Debug|Any CPU
		{134DC558-964A-4472-A42B-AC069CFB6664}.Debug|Any CPU.Build.0 = Debug|Any CPU
		{134DC558-964A-4472-A42B-AC069CFB6664}.Release|Any CPU.ActiveCfg = Release|Any CPU
		{134DC558-964A-4472-A42B-AC069CFB6664}.Release|Any CPU.Build.0 = Release|Any CPU
	EndGlobalSection
	GlobalSection(SolutionProperties) = preSolution
		HideSolutionNode = FALSE
	EndGlobalSection
	GlobalSection(ExtensibilityGlobals) = postSolution
		SolutionGuid = {23F38B48-26A0-4AEB-9E26-9DF54EDE0D5F}
	EndGlobalSection
EndGlobal
